
Microsoft Visual Studio Solution File, Format Version 12.00
# Visual Studio Version 17
VisualStudioVersion = 17.1.32407.343
MinimumVisualStudioVersion = 10.0.40219.1
Project("{8BC9CEB8-8B4A-11D0-8D11-00A0C91BC942}") = "BattleShips", "BattleShips\BattleShips.vcxproj", "{C3B56A05-EEEA-4917-8419-DE99B5871071}"
EndProject
Project("{8BC9CEB8-8B4A-11D0-8D11-00A0C91BC942}") = "NetCommon", "NetCommon\NetCommon.vcxproj", "{E7EAE90C-DD68-4BC4-9A03-CA396919B6AA}"
EndProject
Project("{8BC9CEB8-8B4A-11D0-8D11-00A0C91BC942}") = "BattleShipsClient", "BattleShipsClient\BattleShipsClient.vcxproj", "{3539EF50-5E3F-49C3-AD61-D928BB386950}"
EndProject
Project("{8BC9CEB8-8B4A-11D0-8D11-00A0C91BC942}") = "GlobalMethodsForComfort", "GlobalMethodsForComfort\GlobalMethodsForComfort.vcxproj", "{AA97B0F0-80DE-4B8A-858F-DFAE098E64EF}"
EndProject
Global
	GlobalSection(SolutionConfigurationPlatforms) = preSolution
		Debug|x64 = Debug|x64
		Debug|x86 = Debug|x86
		Release|x64 = Release|x64
		Release|x86 = Release|x86
	EndGlobalSection
	GlobalSection(ProjectConfigurationPlatforms) = postSolution
		{C3B56A05-EEEA-4917-8419-DE99B5871071}.Debug|x64.ActiveCfg = Debug|x64
		{C3B56A05-EEEA-4917-8419-DE99B5871071}.Debug|x64.Build.0 = Debug|x64
		{C3B56A05-EEEA-4917-8419-DE99B5871071}.Debug|x86.ActiveCfg = Debug|Win32
		{C3B56A05-EEEA-4917-8419-DE99B5871071}.Debug|x86.Build.0 = Debug|Win32
		{C3B56A05-EEEA-4917-8419-DE99B5871071}.Release|x64.ActiveCfg = Release|x64
		{C3B56A05-EEEA-4917-8419-DE99B5871071}.Release|x64.Build.0 = Release|x64
		{C3B56A05-EEEA-4917-8419-DE99B5871071}.Release|x86.ActiveCfg = Release|Win32
		{C3B56A05-EEEA-4917-8419-DE99B5871071}.Release|x86.Build.0 = Release|Win32
		{E7EAE90C-DD68-4BC4-9A03-CA396919B6AA}.Debug|x64.ActiveCfg = Debug|x64
		{E7EAE90C-DD68-4BC4-9A03-CA396919B6AA}.Debug|x64.Build.0 = Debug|x64
		{E7EAE90C-DD68-4BC4-9A03-CA396919B6AA}.Debug|x86.ActiveCfg = Debug|Win32
		{E7EAE90C-DD68-4BC4-9A03-CA396919B6AA}.Debug|x86.Build.0 = Debug|Win32
		{E7EAE90C-DD68-4BC4-9A03-CA396919B6AA}.Release|x64.ActiveCfg = Release|x64
		{E7EAE90C-DD68-4BC4-9A03-CA396919B6AA}.Release|x64.Build.0 = Release|x64
		{E7EAE90C-DD68-4BC4-9A03-CA396919B6AA}.Release|x86.ActiveCfg = Release|Win32
		{E7EAE90C-DD68-4BC4-9A03-CA396919B6AA}.Release|x86.Build.0 = Release|Win32
		{3539EF50-5E3F-49C3-AD61-D928BB386950}.Debug|x64.ActiveCfg = Debug|x64
		{3539EF50-5E3F-49C3-AD61-D928BB386950}.Debug|x64.Build.0 = Debug|x64
		{3539EF50-5E3F-49C3-AD61-D928BB386950}.Debug|x86.ActiveCfg = Debug|Win32
		{3539EF50-5E3F-49C3-AD61-D928BB386950}.Debug|x86.Build.0 = Debug|Win32
		{3539EF50-5E3F-49C3-AD61-D928BB386950}.Release|x64.ActiveCfg = Release|x64
		{3539EF50-5E3F-49C3-AD61-D928BB386950}.Release|x64.Build.0 = Release|x64
		{3539EF50-5E3F-49C3-AD61-D928BB386950}.Release|x86.ActiveCfg = Release|Win32
		{3539EF50-5E3F-49C3-AD61-D928BB386950}.Release|x86.Build.0 = Release|Win32
		{AA97B0F0-80DE-4B8A-858F-DFAE098E64EF}.Debug|x64.ActiveCfg = Debug|x64
		{AA97B0F0-80DE-4B8A-858F-DFAE098E64EF}.Debug|x64.Build.0 = Debug|x64
		{AA97B0F0-80DE-4B8A-858F-DFAE098E64EF}.Debug|x86.ActiveCfg = Debug|Win32
		{AA97B0F0-80DE-4B8A-858F-DFAE098E64EF}.Debug|x86.Build.0 = Debug|Win32
		{AA97B0F0-80DE-4B8A-858F-DFAE098E64EF}.Release|x64.ActiveCfg = Release|x64
		{AA97B0F0-80DE-4B8A-858F-DFAE098E64EF}.Release|x64.Build.0 = Release|x64
		{AA97B0F0-80DE-4B8A-858F-DFAE098E64EF}.Release|x86.ActiveCfg = Release|Win32
		{AA97B0F0-80DE-4B8A-858F-DFAE098E64EF}.Release|x86.Build.0 = Release|Win32
	EndGlobalSection
	GlobalSection(SolutionProperties) = preSolution
		HideSolutionNode = FALSE
	EndGlobalSection
	GlobalSection(ExtensibilityGlobals) = postSolution
		SolutionGuid = {E11D0780-B26C-4263-9805-46CA7EBBA024}
	EndGlobalSection
EndGlobal
